schema: '2.0'
stages:
  data_ingestion:
    cmd: python src/data_ingestion.py
    deps:
    - path: src/data_ingestion.py
      hash: md5
      md5: 8fd70265550d8f6b80f9ef7cbbeb1f2f
      size: 3826
    params:
      params.yaml:
        data_ingestion.test_size: 0.2
    outs:
    - path: data/raw
      hash: md5
      md5: 1a287d34dc172d9f950c03dae35f7e73.dir
      size: 484846
      nfiles: 2
  data_preprocessing:
    cmd: python src/data_preprocessing.py
    deps:
    - path: data/raw
      hash: md5
      md5: 1a287d34dc172d9f950c03dae35f7e73.dir
      size: 484846
      nfiles: 2
    - path: src/data_preprocessing.py
      hash: md5
      md5: 138ddcc028f46ce02128004ef531347b
      size: 3966
    outs:
    - path: data/interim
      hash: md5
      md5: d99be5cb2b019d747166f90739fa6d08.dir
      size: 260073
      nfiles: 2
  feature_engineering:
    cmd: python src/feature_engineering.py
    deps:
    - path: data/interim
      hash: md5
      md5: d99be5cb2b019d747166f90739fa6d08.dir
      size: 260073
      nfiles: 2
    - path: src/feature_engineering.py
      hash: md5
      md5: cf8448c21ab5f64a81b288de0c331814
      size: 3910
    params:
      params.yaml:
        feature_engineering.max_features: 5000
    outs:
    - path: data/processed
      hash: md5
      md5: 782c25562dcdb1be8f80c3e08201df3d.dir
      size: 105732471
      nfiles: 2
  model_building:
    cmd: python src/model_building.py
    deps:
    - path: data/processed
      hash: md5
      md5: 782c25562dcdb1be8f80c3e08201df3d.dir
      size: 105732471
      nfiles: 2
    - path: src/model_building.py
      hash: md5
      md5: d9ba3a2e3d6e996515903d8257481114
      size: 9420
    params:
      params.yaml:
        model_building.active_model: random_forest
        model_building.random_state: 42
        models.logistic_regression.max_iter: 1000
        models.random_forest.max_depth: 15
        models.random_forest.n_estimators: 200
    outs:
    - path: models/model.pkl
      hash: md5
      md5: d1b5af815ba5ec9d40f5b4b6f12fc69d
      size: 1820228
  model_evaluation:
    cmd: python src/model_evaluation.py
    deps:
    - path: models/model.pkl
      hash: md5
      md5: d1b5af815ba5ec9d40f5b4b6f12fc69d
      size: 1820228
    - path: src/model_evaluation.py
      hash: md5
      md5: 553abb63c25d201ab4732efe779df04d
      size: 4639
    outs:
    - path: reports/metrics.json
      hash: md5
      md5: cec166f96f016a83bae6e0941ddd0cd6
      size: 130
